<Solution>
  <Folder Name="/src/" />
  <Folder Name="/src/backend/">
    <Project Path="src/backend/SportChain.WebApi/SportChain.WebApi.csproj" />
  </Folder>
  <Folder Name="/src/frontend/">
    <Project Path="src/frontend/SportChain.Client/SportChain.Client.csproj" />
    <Project Path="src/frontend/SportChain.WinForms/SportChain.WinForms.csproj" />
  </Folder>
  <Folder Name="/src/shared/">
    <Project Path="src/shared/SportChain.Shared/SportChain.Shared.csproj" />
  </Folder>
  <Folder Name="/tests/">
    <Project Path="tests/SportChain.Tests/SportChain.Tests.csproj" />
  </Folder>
</Solution>

